
Microsoft Visual Studio Solution File, Format Version 12.00
# Visual Studio Version 17
VisualStudioVersion = 17.3.32825.248
MinimumVisualStudioVersion = 10.0.40219.1
Project("{2150E333-8FDC-42A3-9474-1A3956D46DE8}") = "src", "src", "{BAA2227A-E6FC-44FF-BA59-466A020A042F}"
EndProject
Project("{2150E333-8FDC-42A3-9474-1A3956D46DE8}") = "corePackages", "corePackages", "{1EA4119D-6358-44C0-82DA-7FF92B0BB5D9}"
EndProject
Project("{2150E333-8FDC-42A3-9474-1A3956D46DE8}") = "projects", "projects", "{5C6E0C81-2A32-47F9-8BD8-3DAF0C96F37A}"
EndProject
Project("{2150E333-8FDC-42A3-9474-1A3956D46DE8}") = "programmingSkills", "programmingSkills", "{E17475A9-11FB-4B83-BF31-BEC2CC06BAAB}"
EndProject
Project("{9A19103F-16F7-4668-BE54-9A1E7A4F7556}") = "Core.Application", "src\corePackages\Core.Application\Core.Application.csproj", "{9886F159-DA3A-419F-8011-07275AB65E88}"
EndProject
Project("{9A19103F-16F7-4668-BE54-9A1E7A4F7556}") = "Core.CrossCuttingConcerns", "src\corePackages\Core.CrossCuttingConcers\Core.CrossCuttingConcerns.csproj", "{54B6E663-8A7A-4A7E-BC35-469925F1D797}"
EndProject
Project("{9A19103F-16F7-4668-BE54-9A1E7A4F7556}") = "Core.ElasticSearch", "src\corePackages\Core.ElasticSearch\Core.ElasticSearch.csproj", "{0D7699F0-1881-454A-BBBA-DB19B932B64A}"
EndProject
Project("{9A19103F-16F7-4668-BE54-9A1E7A4F7556}") = "Core.Mailing", "src\corePackages\Core.Mailing\Core.Mailing.csproj", "{E24B95E2-9169-4B74-BA0E-7A7067922251}"
EndProject
Project("{9A19103F-16F7-4668-BE54-9A1E7A4F7556}") = "Core.Persistence", "src\corePackages\Core.Persistence\Core.Persistence.csproj", "{76837F86-21DD-41F4-BA27-376B7D723A88}"
EndProject
Project("{9A19103F-16F7-4668-BE54-9A1E7A4F7556}") = "Core.Security", "src\corePackages\Core.Security\Core.Security.csproj", "{BDB12C1F-25DA-467E-82C6-A80F5D0C2A33}"
EndProject
Project("{FAE04EC0-301F-11D3-BF4B-00C04F79EFBC}") = "Application", "Application\Application.csproj", "{F1F51682-62EE-439E-8761-08DA2340D068}"
EndProject
Project("{FAE04EC0-301F-11D3-BF4B-00C04F79EFBC}") = "Domain", "Domain\Domain.csproj", "{4A313C23-5EDE-45EC-9864-36DB42BAF90F}"
EndProject
Project("{FAE04EC0-301F-11D3-BF4B-00C04F79EFBC}") = "Infrastructure", "Infrastructure\Infrastructure.csproj", "{7B3CECDB-791B-4FA6-AA43-149868747DEB}"
EndProject
Project("{FAE04EC0-301F-11D3-BF4B-00C04F79EFBC}") = "Persistence", "Persistence\Persistence.csproj", "{744EF6F5-C907-4A9C-BF2D-CA46AB32A550}"
EndProject
Project("{FAE04EC0-301F-11D3-BF4B-00C04F79EFBC}") = "WebAPI", "WebAPI\WebAPI.csproj", "{D968B7EC-09FC-40BE-99BA-05AF84FB5D74}"
EndProject
Global
	GlobalSection(SolutionConfigurationPlatforms) = preSolution
		Debug|Any CPU = Debug|Any CPU
		Release|Any CPU = Release|Any CPU
	EndGlobalSection
	GlobalSection(ProjectConfigurationPlatforms) = postSolution
		{9886F159-DA3A-419F-8011-07275AB65E88}.Debug|Any CPU.ActiveCfg = Debug|Any CPU
		{9886F159-DA3A-419F-8011-07275AB65E88}.Debug|Any CPU.Build.0 = Debug|Any CPU
		{9886F159-DA3A-419F-8011-07275AB65E88}.Release|Any CPU.ActiveCfg = Release|Any CPU
		{9886F159-DA3A-419F-8011-07275AB65E88}.Release|Any CPU.Build.0 = Release|Any CPU
		{54B6E663-8A7A-4A7E-BC35-469925F1D797}.Debug|Any CPU.ActiveCfg = Debug|Any CPU
		{54B6E663-8A7A-4A7E-BC35-469925F1D797}.Debug|Any CPU.Build.0 = Debug|Any CPU
		{54B6E663-8A7A-4A7E-BC35-469925F1D797}.Release|Any CPU.ActiveCfg = Release|Any CPU
		{54B6E663-8A7A-4A7E-BC35-469925F1D797}.Release|Any CPU.Build.0 = Release|Any CPU
		{0D7699F0-1881-454A-BBBA-DB19B932B64A}.Debug|Any CPU.ActiveCfg = Debug|Any CPU
		{0D7699F0-1881-454A-BBBA-DB19B932B64A}.Debug|Any CPU.Build.0 = Debug|Any CPU
		{0D7699F0-1881-454A-BBBA-DB19B932B64A}.Release|Any CPU.ActiveCfg = Release|Any CPU
		{0D7699F0-1881-454A-BBBA-DB19B932B64A}.Release|Any CPU.Build.0 = Release|Any CPU
		{E24B95E2-9169-4B74-BA0E-7A7067922251}.Debug|Any CPU.ActiveCfg = Debug|Any CPU
		{E24B95E2-9169-4B74-BA0E-7A7067922251}.Debug|Any CPU.Build.0 = Debug|Any CPU
		{E24B95E2-9169-4B74-BA0E-7A7067922251}.Release|Any CPU.ActiveCfg = Release|Any CPU
		{E24B95E2-9169-4B74-BA0E-7A7067922251}.Release|Any CPU.Build.0 = Release|Any CPU
		{76837F86-21DD-41F4-BA27-376B7D723A88}.Debug|Any CPU.ActiveCfg = Debug|Any CPU
		{76837F86-21DD-41F4-BA27-376B7D723A88}.Debug|Any CPU.Build.0 = Debug|Any CPU
		{76837F86-21DD-41F4-BA27-376B7D723A88}.Release|Any CPU.ActiveCfg = Release|Any CPU
		{76837F86-21DD-41F4-BA27-376B7D723A88}.Release|Any CPU.Build.0 = Release|Any CPU
		{BDB12C1F-25DA-467E-82C6-A80F5D0C2A33}.Debug|Any CPU.ActiveCfg = Debug|Any CPU
		{BDB12C1F-25DA-467E-82C6-A80F5D0C2A33}.Debug|Any CPU.Build.0 = Debug|Any CPU
		{BDB12C1F-25DA-467E-82C6-A80F5D0C2A33}.Release|Any CPU.ActiveCfg = Release|Any CPU
		{BDB12C1F-25DA-467E-82C6-A80F5D0C2A33}.Release|Any CPU.Build.0 = Release|Any CPU
		{F1F51682-62EE-439E-8761-08DA2340D068}.Debug|Any CPU.ActiveCfg = Debug|Any CPU
		{F1F51682-62EE-439E-8761-08DA2340D068}.Debug|Any CPU.Build.0 = Debug|Any CPU
		{F1F51682-62EE-439E-8761-08DA2340D068}.Release|Any CPU.ActiveCfg = Release|Any CPU
		{F1F51682-62EE-439E-8761-08DA2340D068}.Release|Any CPU.Build.0 = Release|Any CPU
		{4A313C23-5EDE-45EC-9864-36DB42BAF90F}.Debug|Any CPU.ActiveCfg = Debug|Any CPU
		{4A313C23-5EDE-45EC-9864-36DB42BAF90F}.Debug|Any CPU.Build.0 = Debug|Any CPU
		{4A313C23-5EDE-45EC-9864-36DB42BAF90F}.Release|Any CPU.ActiveCfg = Release|Any CPU
		{4A313C23-5EDE-45EC-9864-36DB42BAF90F}.Release|Any CPU.Build.0 = Release|Any CPU
		{7B3CECDB-791B-4FA6-AA43-149868747DEB}.Debug|Any CPU.ActiveCfg = Debug|Any CPU
		{7B3CECDB-791B-4FA6-AA43-149868747DEB}.Debug|Any CPU.Build.0 = Debug|Any CPU
		{7B3CECDB-791B-4FA6-AA43-149868747DEB}.Release|Any CPU.ActiveCfg = Release|Any CPU
		{7B3CECDB-791B-4FA6-AA43-149868747DEB}.Release|Any CPU.Build.0 = Release|Any CPU
		{744EF6F5-C907-4A9C-BF2D-CA46AB32A550}.Debug|Any CPU.ActiveCfg = Debug|Any CPU
		{744EF6F5-C907-4A9C-BF2D-CA46AB32A550}.Debug|Any CPU.Build.0 = Debug|Any CPU
		{744EF6F5-C907-4A9C-BF2D-CA46AB32A550}.Release|Any CPU.ActiveCfg = Release|Any CPU
		{744EF6F5-C907-4A9C-BF2D-CA46AB32A550}.Release|Any CPU.Build.0 = Release|Any CPU
		{D968B7EC-09FC-40BE-99BA-05AF84FB5D74}.Debug|Any CPU.ActiveCfg = Debug|Any CPU
		{D968B7EC-09FC-40BE-99BA-05AF84FB5D74}.Debug|Any CPU.Build.0 = Debug|Any CPU
		{D968B7EC-09FC-40BE-99BA-05AF84FB5D74}.Release|Any CPU.ActiveCfg = Release|Any CPU
		{D968B7EC-09FC-40BE-99BA-05AF84FB5D74}.Release|Any CPU.Build.0 = Release|Any CPU
	EndGlobalSection
	GlobalSection(SolutionProperties) = preSolution
		HideSolutionNode = FALSE
	EndGlobalSection
	GlobalSection(NestedProjects) = preSolution
		{1EA4119D-6358-44C0-82DA-7FF92B0BB5D9} = {BAA2227A-E6FC-44FF-BA59-466A020A042F}
		{5C6E0C81-2A32-47F9-8BD8-3DAF0C96F37A} = {BAA2227A-E6FC-44FF-BA59-466A020A042F}
		{E17475A9-11FB-4B83-BF31-BEC2CC06BAAB} = {5C6E0C81-2A32-47F9-8BD8-3DAF0C96F37A}
		{9886F159-DA3A-419F-8011-07275AB65E88} = {1EA4119D-6358-44C0-82DA-7FF92B0BB5D9}
		{54B6E663-8A7A-4A7E-BC35-469925F1D797} = {1EA4119D-6358-44C0-82DA-7FF92B0BB5D9}
		{0D7699F0-1881-454A-BBBA-DB19B932B64A} = {1EA4119D-6358-44C0-82DA-7FF92B0BB5D9}
		{E24B95E2-9169-4B74-BA0E-7A7067922251} = {1EA4119D-6358-44C0-82DA-7FF92B0BB5D9}
		{76837F86-21DD-41F4-BA27-376B7D723A88} = {1EA4119D-6358-44C0-82DA-7FF92B0BB5D9}
		{BDB12C1F-25DA-467E-82C6-A80F5D0C2A33} = {1EA4119D-6358-44C0-82DA-7FF92B0BB5D9}
		{F1F51682-62EE-439E-8761-08DA2340D068} = {E17475A9-11FB-4B83-BF31-BEC2CC06BAAB}
		{4A313C23-5EDE-45EC-9864-36DB42BAF90F} = {E17475A9-11FB-4B83-BF31-BEC2CC06BAAB}
		{7B3CECDB-791B-4FA6-AA43-149868747DEB} = {E17475A9-11FB-4B83-BF31-BEC2CC06BAAB}
		{744EF6F5-C907-4A9C-BF2D-CA46AB32A550} = {E17475A9-11FB-4B83-BF31-BEC2CC06BAAB}
		{D968B7EC-09FC-40BE-99BA-05AF84FB5D74} = {E17475A9-11FB-4B83-BF31-BEC2CC06BAAB}
	EndGlobalSection
	GlobalSection(ExtensibilityGlobals) = postSolution
		SolutionGuid = {697755DC-70A5-4598-AAC9-EC3CA0DB18C8}
	EndGlobalSection
EndGlobal
